
Microsoft Visual Studio Solution File, Format Version 12.00
# Visual Studio Version 16
VisualStudioVersion = 16.0.30406.217
MinimumVisualStudioVersion = 10.0.40219.1
Project("{FAE04EC0-301F-11D3-BF4B-00C04F79EFBC}") = "AdoNetDtstudy", "AdoNetDtstudy\AdoNetDtstudy.csproj", "{0395BDD0-864B-40E0-BF66-2BE35939F11A}"
EndProject
Global
	GlobalSection(SolutionConfigurationPlatforms) = preSolution
		Debug|Any CPU = Debug|Any CPU
		Release|Any CPU = Release|Any CPU
	EndGlobalSection
	GlobalSection(ProjectConfigurationPlatforms) = postSolution
		{0395BDD0-864B-40E0-BF66-2BE35939F11A}.Debug|Any CPU.ActiveCfg = Debug|Any CPU
		{0395BDD0-864B-40E0-BF66-2BE35939F11A}.Debug|Any CPU.Build.0 = Debug|Any CPU
		{0395BDD0-864B-40E0-BF66-2BE35939F11A}.Release|Any CPU.ActiveCfg = Release|Any CPU
		{0395BDD0-864B-40E0-BF66-2BE35939F11A}.Release|Any CPU.Build.0 = Release|Any CPU
	EndGlobalSection
	GlobalSection(SolutionProperties) = preSolution
		HideSolutionNode = FALSE
	EndGlobalSection
	GlobalSection(ExtensibilityGlobals) = postSolution
		SolutionGuid = {A6CADB0B-46AA-45FB-B871-0B513E2DD3DB}
	EndGlobalSection
EndGlobal
